// !$*UTF8*$!
{
	archiveVersion = 1;
	classes = {
	};
	objectVersion = 55;
	objects = {

/* Begin PBXBuildFile section */
		070DA62C277FA18400BD2440 /* CommitmentsTableViewCell.swift in Sources */ = {isa = PBXBuildFile; fileRef = 070DA62B277FA18400BD2440 /* CommitmentsTableViewCell.swift */; };
		070DA62E277FA3DF00BD2440 /* MycommitmentsVC.swift in Sources */ = {isa = PBXBuildFile; fileRef = 070DA62D277FA3DF00BD2440 /* MycommitmentsVC.swift */; };
		070DA630277FA65400BD2440 /* CommitmentsModel.swift in Sources */ = {isa = PBXBuildFile; fileRef = 070DA62F277FA65400BD2440 /* CommitmentsModel.swift */; };
		0718F2292778986200DB67A3 /* CreateNewWalletVC.swift in Sources */ = {isa = PBXBuildFile; fileRef = 0718F2282778986200DB67A3 /* CreateNewWalletVC.swift */; };
		0718F22B2778D6C700DB67A3 /* UIHelper.swift in Sources */ = {isa = PBXBuildFile; fileRef = 0718F22A2778D6C700DB67A3 /* UIHelper.swift */; };
		0718F22D2778E53D00DB67A3 /* PurchaseTVC.swift in Sources */ = {isa = PBXBuildFile; fileRef = 0718F22C2778E53D00DB67A3 /* PurchaseTVC.swift */; };
		0718F22F2778E77800DB67A3 /* PurchaseAmount.swift in Sources */ = {isa = PBXBuildFile; fileRef = 0718F22E2778E77800DB67A3 /* PurchaseAmount.swift */; };
		0728E52D278194FC00AE117B /* SelectCategoryVC.swift in Sources */ = {isa = PBXBuildFile; fileRef = 0728E52C278194FC00AE117B /* SelectCategoryVC.swift */; };
		0728E52F2782D4DC00AE117B /* ProfileViewController.swift in Sources */ = {isa = PBXBuildFile; fileRef = 0728E52E2782D4DC00AE117B /* ProfileViewController.swift */; };
		073157262774644C002627B7 /* AddNewPurchaseVC.swift in Sources */ = {isa = PBXBuildFile; fileRef = 073157252774644C002627B7 /* AddNewPurchaseVC.swift */; };
		0731573B27763C00002627B7 /* CollectionVC.swift in Sources */ = {isa = PBXBuildFile; fileRef = 0731573A27763C00002627B7 /* CollectionVC.swift */; };
		0731574327788088002627B7 /* WalletVC.swift in Sources */ = {isa = PBXBuildFile; fileRef = 0731574227788088002627B7 /* WalletVC.swift */; };
		076CAB602770656F008FEFD2 /* GoogleService-Info.plist in Resources */ = {isa = PBXBuildFile; fileRef = 076CAB5F2770656F008FEFD2 /* GoogleService-Info.plist */; };
		07803F21277D874C001CAC3D /* CommitmentsVC.swift in Sources */ = {isa = PBXBuildFile; fileRef = 07803F20277D874C001CAC3D /* CommitmentsVC.swift */; };
		07803F26277F8749001CAC3D /* WalletCollection.swift in Sources */ = {isa = PBXBuildFile; fileRef = 07803F25277F8749001CAC3D /* WalletCollection.swift */; };
		07AD24BA277060510015076B /* AppDelegate.swift in Sources */ = {isa = PBXBuildFile; fileRef = 07AD24B9277060510015076B /* AppDelegate.swift */; };
		07AD24BC277060510015076B /* SceneDelegate.swift in Sources */ = {isa = PBXBuildFile; fileRef = 07AD24BB277060510015076B /* SceneDelegate.swift */; };
		07AD24BE277060510015076B /* ViewController.swift in Sources */ = {isa = PBXBuildFile; fileRef = 07AD24BD277060510015076B /* ViewController.swift */; };
		07AD24C1277060510015076B /* Main.storyboard in Resources */ = {isa = PBXBuildFile; fileRef = 07AD24BF277060510015076B /* Main.storyboard */; };
		07AD24C3277060560015076B /* Assets.xcassets in Resources */ = {isa = PBXBuildFile; fileRef = 07AD24C2277060560015076B /* Assets.xcassets */; };
		07AD24C6277060560015076B /* LaunchScreen.storyboard in Resources */ = {isa = PBXBuildFile; fileRef = 07AD24C4277060560015076B /* LaunchScreen.storyboard */; };
		07C6BD5827707A0F00E8BEFA /* Utilities.swift in Sources */ = {isa = PBXBuildFile; fileRef = 07C6BD5727707A0F00E8BEFA /* Utilities.swift */; };
		07C6BD5A27707C1F00E8BEFA /* SingUpViewController.swift in Sources */ = {isa = PBXBuildFile; fileRef = 07C6BD5927707C1F00E8BEFA /* SingUpViewController.swift */; };
		07C6BD5C27708DB800E8BEFA /* LoginViewController.swift in Sources */ = {isa = PBXBuildFile; fileRef = 07C6BD5B27708DB800E8BEFA /* LoginViewController.swift */; };
		07C6BD5E27708EA000E8BEFA /* Constants.swift in Sources */ = {isa = PBXBuildFile; fileRef = 07C6BD5D27708EA000E8BEFA /* Constants.swift */; };
		07C6BD6027708F4400E8BEFA /* HomeVC.swift in Sources */ = {isa = PBXBuildFile; fileRef = 07C6BD5F27708F4400E8BEFA /* HomeVC.swift */; };
		07CC76C5277B005B004A6117 /* Wallet.swift in Sources */ = {isa = PBXBuildFile; fileRef = 07CC76C4277B005B004A6117 /* Wallet.swift */; };
		07CC76C8277B0276004A6117 /* WalletTVC.swift in Sources */ = {isa = PBXBuildFile; fileRef = 07CC76C7277B0276004A6117 /* WalletTVC.swift */; };
		DCB61E69DF8D8AA505D42800 /* Pods_ExpensesprojectH.framework in Frameworks */ = {isa = PBXBuildFile; fileRef = 9DB91D1C592B2EDDD06049A0 /* Pods_ExpensesprojectH.framework */; };
/* End PBXBuildFile section */

/* Begin PBXFileReference section */
		070DA62B277FA18400BD2440 /* CommitmentsTableViewCell.swift */ = {isa = PBXFileReference; lastKnownFileType = sourcecode.swift; path = CommitmentsTableViewCell.swift; sourceTree = "<group>"; };
		070DA62D277FA3DF00BD2440 /* MycommitmentsVC.swift */ = {isa = PBXFileReference; lastKnownFileType = sourcecode.swift; path = MycommitmentsVC.swift; sourceTree = "<group>"; };
		070DA62F277FA65400BD2440 /* CommitmentsModel.swift */ = {isa = PBXFileReference; lastKnownFileType = sourcecode.swift; path = CommitmentsModel.swift; sourceTree = "<group>"; };
		0718F2282778986200DB67A3 /* CreateNewWalletVC.swift */ = {isa = PBXFileReference; lastKnownFileType = sourcecode.swift; path = CreateNewWalletVC.swift; sourceTree = "<group>"; };
		0718F22A2778D6C700DB67A3 /* UIHelper.swift */ = {isa = PBXFileReference; lastKnownFileType = sourcecode.swift; path = UIHelper.swift; sourceTree = "<group>"; };
		0718F22C2778E53D00DB67A3 /* PurchaseTVC.swift */ = {isa = PBXFileReference; lastKnownFileType = sourcecode.swift; path = PurchaseTVC.swift; sourceTree = "<group>"; };
		0718F22E2778E77800DB67A3 /* PurchaseAmount.swift */ = {isa = PBXFileReference; lastKnownFileType = sourcecode.swift; path = PurchaseAmount.swift; sourceTree = "<group>"; };
		0728E52C278194FC00AE117B /* SelectCategoryVC.swift */ = {isa = PBXFileReference; lastKnownFileType = sourcecode.swift; path = SelectCategoryVC.swift; sourceTree = "<group>"; };
		0728E52E2782D4DC00AE117B /* ProfileViewController.swift */ = {isa = PBXFileReference; lastKnownFileType = sourcecode.swift; path = ProfileViewController.swift; sourceTree = "<group>"; };
		073157252774644C002627B7 /* AddNewPurchaseVC.swift */ = {isa = PBXFileReference; lastKnownFileType = sourcecode.swift; path = AddNewPurchaseVC.swift; sourceTree = "<group>"; };
		0731573A27763C00002627B7 /* CollectionVC.swift */ = {isa = PBXFileReference; lastKnownFileType = sourcecode.swift; path = CollectionVC.swift; sourceTree = "<group>"; };
		0731574227788088002627B7 /* WalletVC.swift */ = {isa = PBXFileReference; lastKnownFileType = sourcecode.swift; path = WalletVC.swift; sourceTree = "<group>"; };
		076CAB5F2770656F008FEFD2 /* GoogleService-Info.plist */ = {isa = PBXFileReference; fileEncoding = 4; lastKnownFileType = text.plist.xml; path = "GoogleService-Info.plist"; sourceTree = "<group>"; };
		07803F20277D874C001CAC3D /* CommitmentsVC.swift */ = {isa = PBXFileReference; lastKnownFileType = sourcecode.swift; path = CommitmentsVC.swift; sourceTree = "<group>"; };
		07803F25277F8749001CAC3D /* WalletCollection.swift */ = {isa = PBXFileReference; lastKnownFileType = sourcecode.swift; path = WalletCollection.swift; sourceTree = "<group>"; };
		07AD24B6277060510015076B /* ExpensesprojectH.app */ = {isa = PBXFileReference; explicitFileType = wrapper.application; includeInIndex = 0; path = ExpensesprojectH.app; sourceTree = BUILT_PRODUCTS_DIR; };
		07AD24B9277060510015076B /* AppDelegate.swift */ = {isa = PBXFileReference; lastKnownFileType = sourcecode.swift; path = AppDelegate.swift; sourceTree = "<group>"; };
		07AD24BB277060510015076B /* SceneDelegate.swift */ = {isa = PBXFileReference; lastKnownFileType = sourcecode.swift; path = SceneDelegate.swift; sourceTree = "<group>"; };
		07AD24BD277060510015076B /* ViewController.swift */ = {isa = PBXFileReference; lastKnownFileType = sourcecode.swift; path = ViewController.swift; sourceTree = "<group>"; };
		07AD24C0277060510015076B /* Base */ = {isa = PBXFileReference; lastKnownFileType = file.storyboard; name = Base; path = Base.lproj/Main.storyboard; sourceTree = "<group>"; };
		07AD24C2277060560015076B /* Assets.xcassets */ = {isa = PBXFileReference; lastKnownFileType = folder.assetcatalog; path = Assets.xcassets; sourceTree = "<group>"; };
		07AD24C5277060560015076B /* Base */ = {isa = PBXFileReference; lastKnownFileType = file.storyboard; name = Base; path = Base.lproj/LaunchScreen.storyboard; sourceTree = "<group>"; };
		07AD24C7277060560015076B /* Info.plist */ = {isa = PBXFileReference; lastKnownFileType = text.plist.xml; path = Info.plist; sourceTree = "<group>"; };
		07C6BD5727707A0F00E8BEFA /* Utilities.swift */ = {isa = PBXFileReference; lastKnownFileType = sourcecode.swift; path = Utilities.swift; sourceTree = "<group>"; };
		07C6BD5927707C1F00E8BEFA /* SingUpViewController.swift */ = {isa = PBXFileReference; lastKnownFileType = sourcecode.swift; path = SingUpViewController.swift; sourceTree = "<group>"; };
		07C6BD5B27708DB800E8BEFA /* LoginViewController.swift */ = {isa = PBXFileReference; lastKnownFileType = sourcecode.swift; path = LoginViewController.swift; sourceTree = "<group>"; };
		07C6BD5D27708EA000E8BEFA /* Constants.swift */ = {isa = PBXFileReference; lastKnownFileType = sourcecode.swift; path = Constants.swift; sourceTree = "<group>"; };
		07C6BD5F27708F4400E8BEFA /* HomeVC.swift */ = {isa = PBXFileReference; lastKnownFileType = sourcecode.swift; path = HomeVC.swift; sourceTree = "<group>"; };
		07CC76C4277B005B004A6117 /* Wallet.swift */ = {isa = PBXFileReference; lastKnownFileType = sourcecode.swift; path = Wallet.swift; sourceTree = "<group>"; };
		07CC76C7277B0276004A6117 /* WalletTVC.swift */ = {isa = PBXFileReference; lastKnownFileType = sourcecode.swift; path = WalletTVC.swift; sourceTree = "<group>"; };
		470612B9D1C6242A21DE25BA /* Pods-ExpensesprojectH.debug.xcconfig */ = {isa = PBXFileReference; includeInIndex = 1; lastKnownFileType = text.xcconfig; name = "Pods-ExpensesprojectH.debug.xcconfig"; path = "Target Support Files/Pods-ExpensesprojectH/Pods-ExpensesprojectH.debug.xcconfig"; sourceTree = "<group>"; };
		5EE16EF8D9A6F2E1E9D178CB /* Pods-ExpensesprojectH.release.xcconfig */ = {isa = PBXFileReference; includeInIndex = 1; lastKnownFileType = text.xcconfig; name = "Pods-ExpensesprojectH.release.xcconfig"; path = "Target Support Files/Pods-ExpensesprojectH/Pods-ExpensesprojectH.release.xcconfig"; sourceTree = "<group>"; };
		9DB91D1C592B2EDDD06049A0 /* Pods_ExpensesprojectH.framework */ = {isa = PBXFileReference; explicitFileType = wrapper.framework; includeInIndex = 0; path = Pods_ExpensesprojectH.framework; sourceTree = BUILT_PRODUCTS_DIR; };
/* End PBXFileReference section */

/* Begin PBXFrameworksBuildPhase section */
		07AD24B3277060510015076B /* Frameworks */ = {
			isa = PBXFrameworksBuildPhase;
			buildActionMask = 2147483647;
			files = (
				DCB61E69DF8D8AA505D42800 /* Pods_ExpensesprojectH.framework in Frameworks */,
			);
			runOnlyForDeploymentPostprocessing = 0;
		};
/* End PBXFrameworksBuildPhase section */

/* Begin PBXGroup section */
		070DA6312781819F00BD2440 /* Cell */ = {
			isa = PBXGroup;
			children = (
				070DA62B277FA18400BD2440 /* CommitmentsTableViewCell.swift */,
			);
			path = Cell;
			sourceTree = "<group>";
		};
		070DA632278181B600BD2440 /* Model */ = {
			isa = PBXGroup;
			children = (
				070DA62F277FA65400BD2440 /* CommitmentsModel.swift */,
			);
			path = Model;
			sourceTree = "<group>";
		};
		0718F2272778980F00DB67A3 /* Wallet */ = {
			isa = PBXGroup;
			children = (
				0731574227788088002627B7 /* WalletVC.swift */,
				0718F2282778986200DB67A3 /* CreateNewWalletVC.swift */,
				07803F25277F8749001CAC3D /* WalletCollection.swift */,
				0728E52C278194FC00AE117B /* SelectCategoryVC.swift */,
				07CC76C6277B00B3004A6117 /* Model */,
				07CC76C9277B0285004A6117 /* Cell */,
			);
			path = Wallet;
			sourceTree = "<group>";
		};
		0718F2302778EFBA00DB67A3 /* AddNewPurchase */ = {
			isa = PBXGroup;
			children = (
				073157252774644C002627B7 /* AddNewPurchaseVC.swift */,
			);
			path = AddNewPurchase;
			sourceTree = "<group>";
		};
		0718F2312778EFEE00DB67A3 /* Cell */ = {
			isa = PBXGroup;
			children = (
				0718F22C2778E53D00DB67A3 /* PurchaseTVC.swift */,
			);
			path = Cell;
			sourceTree = "<group>";
		};
		0718F2322778F02100DB67A3 /* Model */ = {
			isa = PBXGroup;
			children = (
				0718F22E2778E77800DB67A3 /* PurchaseAmount.swift */,
			);
			path = Model;
			sourceTree = "<group>";
		};
		0718F23C2779D22500DB67A3 /* Extension */ = {
			isa = PBXGroup;
			children = (
			);
			path = Extension;
			sourceTree = "<group>";
		};
		0728E5302782D4FC00AE117B /* Profile */ = {
			isa = PBXGroup;
			children = (
				0728E52E2782D4DC00AE117B /* ProfileViewController.swift */,
			);
			path = Profile;
			sourceTree = "<group>";
		};
		0731573C2776582A002627B7 /* Support */ = {
			isa = PBXGroup;
			children = (
				07AD24B9277060510015076B /* AppDelegate.swift */,
				07AD24BB277060510015076B /* SceneDelegate.swift */,
				07AD24C2277060560015076B /* Assets.xcassets */,
				07AD24C4277060560015076B /* LaunchScreen.storyboard */,
			);
			path = Support;
			sourceTree = "<group>";
		};
		0731573D277659E0002627B7 /* Auth */ = {
			isa = PBXGroup;
			children = (
				07AD24BD277060510015076B /* ViewController.swift */,
				07C6BD5927707C1F00E8BEFA /* SingUpViewController.swift */,
				07C6BD5B27708DB800E8BEFA /* LoginViewController.swift */,
				0731573A27763C00002627B7 /* CollectionVC.swift */,
			);
			path = Auth;
			sourceTree = "<group>";
		};
		0731573E27765A4B002627B7 /* Home */ = {
			isa = PBXGroup;
			children = (
				07C6BD5F27708F4400E8BEFA /* HomeVC.swift */,
				0718F2302778EFBA00DB67A3 /* AddNewPurchase */,
				0718F2312778EFEE00DB67A3 /* Cell */,
				0718F2322778F02100DB67A3 /* Model */,
			);
			path = Home;
			sourceTree = "<group>";
		};
		0731573F27765BC4002627B7 /* View */ = {
			isa = PBXGroup;
			children = (
				07AD24BF277060510015076B /* Main.storyboard */,
			);
			path = View;
			sourceTree = "<group>";
		};
		07803F22277D8754001CAC3D /* Commitments */ = {
			isa = PBXGroup;
			children = (
				07803F20277D874C001CAC3D /* CommitmentsVC.swift */,
				070DA62D277FA3DF00BD2440 /* MycommitmentsVC.swift */,
				070DA6312781819F00BD2440 /* Cell */,
				070DA632278181B600BD2440 /* Model */,
			);
			path = Commitments;
			sourceTree = "<group>";
		};
		07AD24AD277060510015076B = {
			isa = PBXGroup;
			children = (
				07AD24B8277060510015076B /* ExpensesprojectH */,
				07AD24B7277060510015076B /* Products */,
				E55C28EADD8BE5AD334234E5 /* Pods */,
				4DAD363771480916B8184421 /* Frameworks */,
			);
			sourceTree = "<group>";
		};
		07AD24B7277060510015076B /* Products */ = {
			isa = PBXGroup;
			children = (
				07AD24B6277060510015076B /* ExpensesprojectH.app */,
			);
			name = Products;
			sourceTree = "<group>";
		};
		07AD24B8277060510015076B /* ExpensesprojectH */ = {
			isa = PBXGroup;
			children = (
				0718F23C2779D22500DB67A3 /* Extension */,
				0731573C2776582A002627B7 /* Support */,
				07C6BD622770903400E8BEFA /* Helpers */,
				07C6BD6127708FFD00E8BEFA /* Screens */,
				0731573F27765BC4002627B7 /* View */,
				076CAB5F2770656F008FEFD2 /* GoogleService-Info.plist */,
				07AD24C7277060560015076B /* Info.plist */,
			);
			path = ExpensesprojectH;
			sourceTree = "<group>";
		};
		07C6BD6127708FFD00E8BEFA /* Screens */ = {
			isa = PBXGroup;
			children = (
				0731573D277659E0002627B7 /* Auth */,
				0731573E27765A4B002627B7 /* Home */,
				0718F2272778980F00DB67A3 /* Wallet */,
				0728E5302782D4FC00AE117B /* Profile */,
				07803F22277D8754001CAC3D /* Commitments */,
			);
			path = Screens;
			sourceTree = "<group>";
		};
		07C6BD622770903400E8BEFA /* Helpers */ = {
			isa = PBXGroup;
			children = (
				07C6BD5D27708EA000E8BEFA /* Constants.swift */,
				07C6BD5727707A0F00E8BEFA /* Utilities.swift */,
				0718F22A2778D6C700DB67A3 /* UIHelper.swift */,
			);
			path = Helpers;
			sourceTree = "<group>";
		};
		07CC76C6277B00B3004A6117 /* Model */ = {
			isa = PBXGroup;
			children = (
				07CC76C4277B005B004A6117 /* Wallet.swift */,
			);
			path = Model;
			sourceTree = "<group>";
		};
		07CC76C9277B0285004A6117 /* Cell */ = {
			isa = PBXGroup;
			children = (
				07CC76C7277B0276004A6117 /* WalletTVC.swift */,
			);
			path = Cell;
			sourceTree = "<group>";
		};
		4DAD363771480916B8184421 /* Frameworks */ = {
			isa = PBXGroup;
			children = (
				9DB91D1C592B2EDDD06049A0 /* Pods_ExpensesprojectH.framework */,
			);
			name = Frameworks;
			sourceTree = "<group>";
		};
		E55C28EADD8BE5AD334234E5 /* Pods */ = {
			isa = PBXGroup;
			children = (
				470612B9D1C6242A21DE25BA /* Pods-ExpensesprojectH.debug.xcconfig */,
				5EE16EF8D9A6F2E1E9D178CB /* Pods-ExpensesprojectH.release.xcconfig */,
			);
			path = Pods;
			sourceTree = "<group>";
		};
/* End PBXGroup section */

/* Begin PBXNativeTarget section */
		07AD24B5277060510015076B /* ExpensesprojectH */ = {
			isa = PBXNativeTarget;
			buildConfigurationList = 07AD24CA277060560015076B /* Build configuration list for PBXNativeTarget "ExpensesprojectH" */;
			buildPhases = (
				53FF266BD9C748FE2C0E061E /* [CP] Check Pods Manifest.lock */,
				07AD24B2277060510015076B /* Sources */,
				07AD24B3277060510015076B /* Frameworks */,
				07AD24B4277060510015076B /* Resources */,
				E1AE008099730910AAED63D3 /* [CP] Embed Pods Frameworks */,
			);
			buildRules = (
			);
			dependencies = (
			);
			name = ExpensesprojectH;
			productName = ExpensesprojectH;
			productReference = 07AD24B6277060510015076B /* ExpensesprojectH.app */;
			productType = "com.apple.product-type.application";
		};
/* End PBXNativeTarget section */

/* Begin PBXProject section */
		07AD24AE277060510015076B /* Project object */ = {
			isa = PBXProject;
			attributes = {
				BuildIndependentTargetsInParallel = 1;
				LastSwiftUpdateCheck = 1310;
				LastUpgradeCheck = 1310;
				TargetAttributes = {
					07AD24B5277060510015076B = {
						CreatedOnToolsVersion = 13.1;
					};
				};
			};
			buildConfigurationList = 07AD24B1277060510015076B /* Build configuration list for PBXProject "ExpensesprojectH" */;
			compatibilityVersion = "Xcode 13.0";
			developmentRegion = en;
			hasScannedForEncodings = 0;
			knownRegions = (
				en,
				Base,
			);
			mainGroup = 07AD24AD277060510015076B;
			productRefGroup = 07AD24B7277060510015076B /* Products */;
			projectDirPath = "";
			projectRoot = "";
			targets = (
				07AD24B5277060510015076B /* ExpensesprojectH */,
			);
		};
/* End PBXProject section */

/* Begin PBXResourcesBuildPhase section */
		07AD24B4277060510015076B /* Resources */ = {
			isa = PBXResourcesBuildPhase;
			buildActionMask = 2147483647;
			files = (
				07AD24C6277060560015076B /* LaunchScreen.storyboard in Resources */,
				076CAB602770656F008FEFD2 /* GoogleService-Info.plist in Resources */,
				07AD24C3277060560015076B /* Assets.xcassets in Resources */,
				07AD24C1277060510015076B /* Main.storyboard in Resources */,
			);
			runOnlyForDeploymentPostprocessing = 0;
		};
/* End PBXResourcesBuildPhase section */

/* Begin PBXShellScriptBuildPhase section */
		53FF266BD9C748FE2C0E061E /* [CP] Check Pods Manifest.lock */ = {
			isa = PBXShellScriptBuildPhase;
			buildActionMask = 2147483647;
			files = (
			);
			inputFileListPaths = (
			);
			inputPaths = (
				"${PODS_PODFILE_DIR_PATH}/Podfile.lock",
				"${PODS_ROOT}/Manifest.lock",
			);
			name = "[CP] Check Pods Manifest.lock";
			outputFileListPaths = (
			);
			outputPaths = (
				"$(DERIVED_FILE_DIR)/Pods-ExpensesprojectH-checkManifestLockResult.txt",
			);
			runOnlyForDeploymentPostprocessing = 0;
			shellPath = /bin/sh;
			shellScript = "diff \"${PODS_PODFILE_DIR_PATH}/Podfile.lock\" \"${PODS_ROOT}/Manifest.lock\" > /dev/null\nif [ $? != 0 ] ; then\n    # print error to STDERR\n    echo \"error: The sandbox is not in sync with the Podfile.lock. Run 'pod install' or update your CocoaPods installation.\" >&2\n    exit 1\nfi\n# This output is used by Xcode 'outputs' to avoid re-running this script phase.\necho \"SUCCESS\" > \"${SCRIPT_OUTPUT_FILE_0}\"\n";
			showEnvVarsInLog = 0;
		};
		E1AE008099730910AAED63D3 /* [CP] Embed Pods Frameworks */ = {
			isa = PBXShellScriptBuildPhase;
			buildActionMask = 2147483647;
			files = (
			);
			inputFileListPaths = (
				"${PODS_ROOT}/Target Support Files/Pods-ExpensesprojectH/Pods-ExpensesprojectH-frameworks-${CONFIGURATION}-input-files.xcfilelist",
			);
			name = "[CP] Embed Pods Frameworks";
			outputFileListPaths = (
				"${PODS_ROOT}/Target Support Files/Pods-ExpensesprojectH/Pods-ExpensesprojectH-frameworks-${CONFIGURATION}-output-files.xcfilelist",
			);
			runOnlyForDeploymentPostprocessing = 0;
			shellPath = /bin/sh;
			shellScript = "\"${PODS_ROOT}/Target Support Files/Pods-ExpensesprojectH/Pods-ExpensesprojectH-frameworks.sh\"\n";
			showEnvVarsInLog = 0;
		};
/* End PBXShellScriptBuildPhase section */

/* Begin PBXSourcesBuildPhase section */
		07AD24B2277060510015076B /* Sources */ = {
			isa = PBXSourcesBuildPhase;
			buildActionMask = 2147483647;
			files = (
				0718F22B2778D6C700DB67A3 /* UIHelper.swift in Sources */,
				07803F21277D874C001CAC3D /* CommitmentsVC.swift in Sources */,
				07C6BD5C27708DB800E8BEFA /* LoginViewController.swift in Sources */,
				073157262774644C002627B7 /* AddNewPurchaseVC.swift in Sources */,
				07AD24BE277060510015076B /* ViewController.swift in Sources */,
				0718F22D2778E53D00DB67A3 /* PurchaseTVC.swift in Sources */,
				0728E52F2782D4DC00AE117B /* ProfileViewController.swift in Sources */,
				07803F26277F8749001CAC3D /* WalletCollection.swift in Sources */,
				07CC76C5277B005B004A6117 /* Wallet.swift in Sources */,
				070DA630277FA65400BD2440 /* CommitmentsModel.swift in Sources */,
				07AD24BA277060510015076B /* AppDelegate.swift in Sources */,
				0731573B27763C00002627B7 /* CollectionVC.swift in Sources */,
				07C6BD6027708F4400E8BEFA /* HomeVC.swift in Sources */,
				07C6BD5A27707C1F00E8BEFA /* SingUpViewController.swift in Sources */,
				070DA62E277FA3DF00BD2440 /* MycommitmentsVC.swift in Sources */,
				07C6BD5E27708EA000E8BEFA /* Constants.swift in Sources */,
				0718F2292778986200DB67A3 /* CreateNewWalletVC.swift in Sources */,
				0718F22F2778E77800DB67A3 /* PurchaseAmount.swift in Sources */,
				0728E52D278194FC00AE117B /* SelectCategoryVC.swift in Sources */,
				070DA62C277FA18400BD2440 /* CommitmentsTableViewCell.swift in Sources */,
				07C6BD5827707A0F00E8BEFA /* Utilities.swift in Sources */,
				07AD24BC277060510015076B /* SceneDelegate.swift in Sources */,
				07CC76C8277B0276004A6117 /* WalletTVC.swift in Sources */,
				0731574327788088002627B7 /* WalletVC.swift in Sources */,
			);
			runOnlyForDeploymentPostprocessing = 0;
		};
/* End PBXSourcesBuildPhase section */

/* Begin PBXVariantGroup section */
		07AD24BF277060510015076B /* Main.storyboard */ = {
			isa = PBXVariantGroup;
			children = (
				07AD24C0277060510015076B /* Base */,
			);
			name = Main.storyboard;
			sourceTree = "<group>";
		};
		07AD24C4277060560015076B /* LaunchScreen.storyboard */ = {
			isa = PBXVariantGroup;
			children = (
				07AD24C5277060560015076B /* Base */,
			);
			name = LaunchScreen.storyboard;
			sourceTree = "<group>";
		};
/* End PBXVariantGroup section */

/* Begin XCBuildConfiguration section */
		07AD24C8277060560015076B /* Debug */ = {
			isa = XCBuildConfiguration;
			buildSettings = {
				ALWAYS_SEARCH_USER_PATHS = NO;
				CLANG_ANALYZER_NONNULL = YES;
				CLANG_ANALYZER_NUMBER_OBJECT_CONVERSION = YES_AGGRESSIVE;
				CLANG_CXX_LANGUAGE_STANDARD = "gnu++17";
				CLANG_CXX_LIBRARY = "libc++";
				CLANG_ENABLE_MODULES = YES;
				CLANG_ENABLE_OBJC_ARC = YES;
				CLANG_ENABLE_OBJC_WEAK = YES;
				CLANG_WARN_BLOCK_CAPTURE_AUTORELEASING = YES;
				CLANG_WARN_BOOL_CONVERSION = YES;
				CLANG_WARN_COMMA = YES;
				CLANG_WARN_CONSTANT_CONVERSION = YES;
				CLANG_WARN_DEPRECATED_OBJC_IMPLEMENTATIONS = YES;
				CLANG_WARN_DIRECT_OBJC_ISA_USAGE = YES_ERROR;
				CLANG_WARN_DOCUMENTATION_COMMENTS = YES;
				CLANG_WARN_EMPTY_BODY = YES;
				CLANG_WARN_ENUM_CONVERSION = YES;
				CLANG_WARN_INFINITE_RECURSION = YES;
				CLANG_WARN_INT_CONVERSION = YES;
				CLANG_WARN_NON_LITERAL_NULL_CONVERSION = YES;
				CLANG_WARN_OBJC_IMPLICIT_RETAIN_SELF = YES;
				CLANG_WARN_OBJC_LITERAL_CONVERSION = YES;
				CLANG_WARN_OBJC_ROOT_CLASS = YES_ERROR;
				CLANG_WARN_QUOTED_INCLUDE_IN_FRAMEWORK_HEADER = YES;
				CLANG_WARN_RANGE_LOOP_ANALYSIS = YES;
				CLANG_WARN_STRICT_PROTOTYPES = YES;
				CLANG_WARN_SUSPICIOUS_MOVE = YES;
				CLANG_WARN_UNGUARDED_AVAILABILITY = YES_AGGRESSIVE;
				CLANG_WARN_UNREACHABLE_CODE = YES;
				CLANG_WARN__DUPLICATE_METHOD_MATCH = YES;
				COPY_PHASE_STRIP = NO;
				DEBUG_INFORMATION_FORMAT = dwarf;
				ENABLE_STRICT_OBJC_MSGSEND = YES;
				ENABLE_TESTABILITY = YES;
				GCC_C_LANGUAGE_STANDARD = gnu11;
				GCC_DYNAMIC_NO_PIC = NO;
				GCC_NO_COMMON_BLOCKS = YES;
				GCC_OPTIMIZATION_LEVEL = 0;
				GCC_PREPROCESSOR_DEFINITIONS = (
					"DEBUG=1",
					"$(inherited)",
				);
				GCC_WARN_64_TO_32_BIT_CONVERSION = YES;
				GCC_WARN_ABOUT_RETURN_TYPE = YES_ERROR;
				GCC_WARN_UNDECLARED_SELECTOR = YES;
				GCC_WARN_UNINITIALIZED_AUTOS = YES_AGGRESSIVE;
				GCC_WARN_UNUSED_FUNCTION = YES;
				GCC_WARN_UNUSED_VARIABLE = YES;
				IPHONEOS_DEPLOYMENT_TARGET = 15.0;
				MTL_ENABLE_DEBUG_INFO = INCLUDE_SOURCE;
				MTL_FAST_MATH = YES;
				ONLY_ACTIVE_ARCH = YES;
				SDKROOT = iphoneos;
				SWIFT_ACTIVE_COMPILATION_CONDITIONS = DEBUG;
				SWIFT_OPTIMIZATION_LEVEL = "-Onone";
			};
			name = Debug;
		};
		07AD24C9277060560015076B /* Release */ = {
			isa = XCBuildConfiguration;
			buildSettings = {
				ALWAYS_SEARCH_USER_PATHS = NO;
				CLANG_ANALYZER_NONNULL = YES;
				CLANG_ANALYZER_NUMBER_OBJECT_CONVERSION = YES_AGGRESSIVE;
				CLANG_CXX_LANGUAGE_STANDARD = "gnu++17";
				CLANG_CXX_LIBRARY = "libc++";
				CLANG_ENABLE_MODULES = YES;
				CLANG_ENABLE_OBJC_ARC = YES;
				CLANG_ENABLE_OBJC_WEAK = YES;
				CLANG_WARN_BLOCK_CAPTURE_AUTORELEASING = YES;
				CLANG_WARN_BOOL_CONVERSION = YES;
				CLANG_WARN_COMMA = YES;
				CLANG_WARN_CONSTANT_CONVERSION = YES;
				CLANG_WARN_DEPRECATED_OBJC_IMPLEMENTATIONS = YES;
				CLANG_WARN_DIRECT_OBJC_ISA_USAGE = YES_ERROR;
				CLANG_WARN_DOCUMENTATION_COMMENTS = YES;
				CLANG_WARN_EMPTY_BODY = YES;
				CLANG_WARN_ENUM_CONVERSION = YES;
				CLANG_WARN_INFINITE_RECURSION = YES;
				CLANG_WARN_INT_CONVERSION = YES;
				CLANG_WARN_NON_LITERAL_NULL_CONVERSION = YES;
				CLANG_WARN_OBJC_IMPLICIT_RETAIN_SELF = YES;
				CLANG_WARN_OBJC_LITERAL_CONVERSION = YES;
				CLANG_WARN_OBJC_ROOT_CLASS = YES_ERROR;
				CLANG_WARN_QUOTED_INCLUDE_IN_FRAMEWORK_HEADER = YES;
				CLANG_WARN_RANGE_LOOP_ANALYSIS = YES;
				CLANG_WARN_STRICT_PROTOTYPES = YES;
				CLANG_WARN_SUSPICIOUS_MOVE = YES;
				CLANG_WARN_UNGUARDED_AVAILABILITY = YES_AGGRESSIVE;
				CLANG_WARN_UNREACHABLE_CODE = YES;
				CLANG_WARN__DUPLICATE_METHOD_MATCH = YES;
				COPY_PHASE_STRIP = NO;
				DEBUG_INFORMATION_FORMAT = "dwarf-with-dsym";
				ENABLE_NS_ASSERTIONS = NO;
				ENABLE_STRICT_OBJC_MSGSEND = YES;
				GCC_C_LANGUAGE_STANDARD = gnu11;
				GCC_NO_COMMON_BLOCKS = YES;
				GCC_WARN_64_TO_32_BIT_CONVERSION = YES;
				GCC_WARN_ABOUT_RETURN_TYPE = YES_ERROR;
				GCC_WARN_UNDECLARED_SELECTOR = YES;
				GCC_WARN_UNINITIALIZED_AUTOS = YES_AGGRESSIVE;
				GCC_WARN_UNUSED_FUNCTION = YES;
				GCC_WARN_UNUSED_VARIABLE = YES;
				IPHONEOS_DEPLOYMENT_TARGET = 15.0;
				MTL_ENABLE_DEBUG_INFO = NO;
				MTL_FAST_MATH = YES;
				SDKROOT = iphoneos;
				SWIFT_COMPILATION_MODE = wholemodule;
				SWIFT_OPTIMIZATION_LEVEL = "-O";
				VALIDATE_PRODUCT = YES;
			};
			name = Release;
		};
		07AD24CB277060560015076B /* Debug */ = {
			isa = XCBuildConfiguration;
			baseConfigurationReference = 470612B9D1C6242A21DE25BA /* Pods-ExpensesprojectH.debug.xcconfig */;
			buildSettings = {
				ASSETCATALOG_COMPILER_APPICON_NAME = AppIcon;
				ASSETCATALOG_COMPILER_GLOBAL_ACCENT_COLOR_NAME = AccentColor;
				CODE_SIGN_STYLE = Automatic;
				CURRENT_PROJECT_VERSION = 1;
				DEVELOPMENT_TEAM = W4329JMP9J;
				GENERATE_INFOPLIST_FILE = YES;
				INFOPLIST_FILE = ExpensesprojectH/Info.plist;
				INFOPLIST_KEY_UIApplicationSupportsIndirectInputEvents = YES;
				INFOPLIST_KEY_UILaunchStoryboardName = LaunchScreen;
				INFOPLIST_KEY_UIMainStoryboardFile = Main;
				INFOPLIST_KEY_UISupportedInterfaceOrientations_iPad = "UIInterfaceOrientationPortrait UIInterfaceOrientationPortraitUpsideDown UIInterfaceOrientationLandscapeLeft UIInterfaceOrientationLandscapeRight";
				INFOPLIST_KEY_UISupportedInterfaceOrientations_iPhone = "UIInterfaceOrientationPortrait UIInterfaceOrientationLandscapeLeft UIInterfaceOrientationLandscapeRight";
				LD_RUNPATH_SEARCH_PATHS = (
					"$(inherited)",
					"@executable_path/Frameworks",
				);
				MARKETING_VERSION = 1.0;
				PRODUCT_BUNDLE_IDENTIFIER = com.hajer.ExpensesprojectH;
				PRODUCT_NAME = "$(TARGET_NAME)";
				SWIFT_EMIT_LOC_STRINGS = YES;
				SWIFT_VERSION = 5.0;
				TARGETED_DEVICE_FAMILY = "1,2";
			};
			name = Debug;
		};
		07AD24CC277060560015076B /* Release */ = {
			isa = XCBuildConfiguration;
			baseConfigurationReference = 5EE16EF8D9A6F2E1E9D178CB /* Pods-ExpensesprojectH.release.xcconfig */;
			buildSettings = {
				ASSETCATALOG_COMPILER_APPICON_NAME = AppIcon;
				ASSETCATALOG_COMPILER_GLOBAL_ACCENT_COLOR_NAME = AccentColor;
				CODE_SIGN_STYLE = Automatic;
				CURRENT_PROJECT_VERSION = 1;
				DEVELOPMENT_TEAM = W4329JMP9J;
				GENERATE_INFOPLIST_FILE = YES;
				INFOPLIST_FILE = ExpensesprojectH/Info.plist;
				INFOPLIST_KEY_UIApplicationSupportsIndirectInputEvents = YES;
				INFOPLIST_KEY_UILaunchStoryboardName = LaunchScreen;
				INFOPLIST_KEY_UIMainStoryboardFile = Main;
				INFOPLIST_KEY_UISupportedInterfaceOrientations_iPad = "UIInterfaceOrientationPortrait UIInterfaceOrientationPortraitUpsideDown UIInterfaceOrientationLandscapeLeft UIInterfaceOrientationLandscapeRight";
				INFOPLIST_KEY_UISupportedInterfaceOrientations_iPhone = "UIInterfaceOrientationPortrait UIInterfaceOrientationLandscapeLeft UIInterfaceOrientationLandscapeRight";
				LD_RUNPATH_SEARCH_PATHS = (
					"$(inherited)",
					"@executable_path/Frameworks",
				);
				MARKETING_VERSION = 1.0;
				PRODUCT_BUNDLE_IDENTIFIER = com.hajer.ExpensesprojectH;
				PRODUCT_NAME = "$(TARGET_NAME)";
				SWIFT_EMIT_LOC_STRINGS = YES;
				SWIFT_VERSION = 5.0;
				TARGETED_DEVICE_FAMILY = "1,2";
			};
			name = Release;
		};
/* End XCBuildConfiguration section */

/* Begin XCConfigurationList section */
		07AD24B1277060510015076B /* Build configuration list for PBXProject "ExpensesprojectH" */ = {
			isa = XCConfigurationList;
			buildConfigurations = (
				07AD24C8277060560015076B /* Debug */,
				07AD24C9277060560015076B /* Release */,
			);
			defaultConfigurationIsVisible = 0;
			defaultConfigurationName = Release;
		};
		07AD24CA277060560015076B /* Build configuration list for PBXNativeTarget "ExpensesprojectH" */ = {
			isa = XCConfigurationList;
			buildConfigurations = (
				07AD24CB277060560015076B /* Debug */,
				07AD24CC277060560015076B /* Release */,
			);
			defaultConfigurationIsVisible = 0;
			defaultConfigurationName = Release;
		};
/* End XCConfigurationList section */
	};
	rootObject = 07AD24AE277060510015076B /* Project object */;
}
